
Microsoft Visual Studio Solution File, Format Version 12.00
# Visual Studio 15
VisualStudioVersion = 15.0.28010.2048
MinimumVisualStudioVersion = 10.0.40219.1
Project("{FAE04EC0-301F-11D3-BF4B-00C04F79EFBC}") = "PowerpointImageSelector", "PowerpointImageSelector\PowerpointImageSelector.csproj", "{96DF5C46-8CC3-441C-BA17-4DD00354C891}"
EndProject
Global
	GlobalSection(SolutionConfigurationPlatforms) = preSolution
		Debug|Any CPU = Debug|Any CPU
		Release|Any CPU = Release|Any CPU
	EndGlobalSection
	GlobalSection(ProjectConfigurationPlatforms) = postSolution
		{96DF5C46-8CC3-441C-BA17-4DD00354C891}.Debug|Any CPU.ActiveCfg = Debug|Any CPU
		{96DF5C46-8CC3-441C-BA17-4DD00354C891}.Debug|Any CPU.Build.0 = Debug|Any CPU
		{96DF5C46-8CC3-441C-BA17-4DD00354C891}.Release|Any CPU.ActiveCfg = Release|Any CPU
		{96DF5C46-8CC3-441C-BA17-4DD00354C891}.Release|Any CPU.Build.0 = Release|Any CPU
	EndGlobalSection
	GlobalSection(SolutionProperties) = preSolution
		HideSolutionNode = FALSE
	EndGlobalSection
	GlobalSection(ExtensibilityGlobals) = postSolution
		SolutionGuid = {FC736632-E289-4ACB-B233-FCB99D7BF7B2}
	EndGlobalSection
EndGlobal
